Microsoft Visual Studio Solution File, Format Version 11.00
# Visual Studio 2008

Project("{87AEA25B-05E3-B20D-1A7B-E42441F2E440}") = "UDPmotors_Unity", "Assembly-CSharp.csproj", "{FED9A4F9-9AE4-9A6F-2D8A-DCB59A7294BF}"
EndProject
Global
	GlobalSection(SolutionConfigurationPlatforms) = preSolution
		Debug|Any CPU = Debug|Any CPU
		Release|Any CPU = Release|Any CPU
	EndGlobalSection
	GlobalSection(ProjectConfigurationPlatforms) = postSolution
		{FED9A4F9-9AE4-9A6F-2D8A-DCB59A7294BF}.Debug|Any CPU.ActiveCfg = Debug|Any CPU
		{FED9A4F9-9AE4-9A6F-2D8A-DCB59A7294BF}.Debug|Any CPU.Build.0 = Debug|Any CPU
		{FED9A4F9-9AE4-9A6F-2D8A-DCB59A7294BF}.Release|Any CPU.ActiveCfg = Release|Any CPU
		{FED9A4F9-9AE4-9A6F-2D8A-DCB59A7294BF}.Release|Any CPU.Build.0 = Release|Any CPU
	EndGlobalSection
	GlobalSection(SolutionProperties) = preSolution
		HideSolutionNode = FALSE
	EndGlobalSection
	GlobalSection(MonoDevelopProperties) = preSolution
		StartupItem = Assembly-CSharp.csproj
	EndGlobalSection
EndGlobal
